
Microsoft Visual Studio Solution File, Format Version 12.00
# Visual Studio Version 17
VisualStudioVersion = 17.6.33815.320
MinimumVisualStudioVersion = 10.0.40219.1
Project("{8BC9CEB8-8B4A-11D0-8D11-00A0C91BC942}") = "SandBox", "..\SandBox\SandBox.vcxproj", "{4EAD5923-3490-488C-BD43-1A0443B4FC35}"
EndProject
Project("{8BC9CEB8-8B4A-11D0-8D11-00A0C91BC942}") = "Ying", "Ying.vcxproj", "{498585BF-36B6-4877-B424-E68D99BB858A}"
EndProject
Global
	GlobalSection(SolutionConfigurationPlatforms) = preSolution
		Debug|x64 = Debug|x64
		Release|x64 = Release|x64
	EndGlobalSection
	GlobalSection(ProjectConfigurationPlatforms) = postSolution
		{498585BF-36B6-4877-B424-E68D99BB858A}.Debug|x64.ActiveCfg = Debug|x64
		{498585BF-36B6-4877-B424-E68D99BB858A}.Debug|x64.Build.0 = Debug|x64
		{498585BF-36B6-4877-B424-E68D99BB858A}.Release|x64.ActiveCfg = Release|x64
		{498585BF-36B6-4877-B424-E68D99BB858A}.Release|x64.Build.0 = Release|x64
		{4EAD5923-3490-488C-BD43-1A0443B4FC35}.Debug|x64.ActiveCfg = Debug|x64
		{4EAD5923-3490-488C-BD43-1A0443B4FC35}.Debug|x64.Build.0 = Debug|x64
		{4EAD5923-3490-488C-BD43-1A0443B4FC35}.Release|x64.ActiveCfg = Release|x64
		{4EAD5923-3490-488C-BD43-1A0443B4FC35}.Release|x64.Build.0 = Release|x64
	EndGlobalSection
	GlobalSection(SolutionProperties) = preSolution
		HideSolutionNode = FALSE
	EndGlobalSection
	GlobalSection(ExtensibilityGlobals) = postSolution
		SolutionGuid = {0D2E231B-BA08-4E9C-9090-297D459ADFCF}
	EndGlobalSection
EndGlobal
